
Microsoft Visual Studio Solution File, Format Version 12.00
# Visual Studio 15
VisualStudioVersion = 15.0.27130.2036
MinimumVisualStudioVersion = 10.0.40219.1
Project("{6EC3EE1D-3C4E-46DD-8F32-0CC8E7565705}") = "SmartRecipes.Models", "SmartRecipes.Models\SmartRecipes.Models.fsproj", "{AA3725B5-6248-4564-AD73-3BA2051A9D9E}"
EndProject
Project("{6EC3EE1D-3C4E-46DD-8F32-0CC8E7565705}") = "SmartRecipes.DataAccess", "SmartRecipes.DataAccess\SmartRecipes.DataAccess.fsproj", "{01490879-C5BF-4EFF-9D79-EC9F2E778E05}"
EndProject
Project("{6EC3EE1D-3C4E-46DD-8F32-0CC8E7565705}") = "SmartRecipes.Business", "SmartRecipes.Business\SmartRecipes.Business.fsproj", "{A34AB809-8B67-45D9-A46F-2FAE6D306996}"
EndProject
Project("{6EC3EE1D-3C4E-46DD-8F32-0CC8E7565705}") = "SmartRecipes.Api", "SmartRecipes.Api\SmartRecipes.Api.fsproj", "{82077061-2F5F-4045-832B-36E4B0FCD955}"
EndProject
Project("{FAE04EC0-301F-11D3-BF4B-00C04F79EFBC}") = "SmartRecipes.Mobile.Android", "SmartRecipes.Mobile\SmartRecipes.Mobile.Android\SmartRecipes.Mobile.Android.csproj", "{D9E810A8-6B2A-402F-B973-43B4F32C8993}"
EndProject
Project("{FAE04EC0-301F-11D3-BF4B-00C04F79EFBC}") = "SmartRecipes.Mobile.iOS", "SmartRecipes.Mobile\SmartRecipes.Mobile.iOS\SmartRecipes.Mobile.iOS.csproj", "{1FDD0E18-38A8-4C8F-B267-A6B35F664C78}"
EndProject
Project("{FAE04EC0-301F-11D3-BF4B-00C04F79EFBC}") = "SmartRecipes.Mobile", "SmartRecipes.Mobile\SmartRecipes.Mobile\SmartRecipes.Mobile.csproj", "{79F249F5-022A-413B-9BB2-D9E59299EFF3}"
EndProject
Global
	GlobalSection(SolutionConfigurationPlatforms) = preSolution
		Ad-Hoc|Any CPU = Ad-Hoc|Any CPU
		Ad-Hoc|iPhone = Ad-Hoc|iPhone
		Ad-Hoc|iPhoneSimulator = Ad-Hoc|iPhoneSimulator
		AppStore|Any CPU = AppStore|Any CPU
		AppStore|iPhone = AppStore|iPhone
		AppStore|iPhoneSimulator = AppStore|iPhoneSimulator
		Debug|Any CPU = Debug|Any CPU
		Debug|iPhone = Debug|iPhone
		Debug|iPhoneSimulator = Debug|iPhoneSimulator
		Release|Any CPU = Release|Any CPU
		Release|iPhone = Release|iPhone
		Release|iPhoneSimulator = Release|iPhoneSimulator
	EndGlobalSection
	GlobalSection(ProjectConfigurationPlatforms) = postSolution
		{AA3725B5-6248-4564-AD73-3BA2051A9D9E}.Ad-Hoc|Any CPU.ActiveCfg = Release|Any CPU
		{AA3725B5-6248-4564-AD73-3BA2051A9D9E}.Ad-Hoc|Any CPU.Build.0 = Release|Any CPU
		{AA3725B5-6248-4564-AD73-3BA2051A9D9E}.Ad-Hoc|iPhone.ActiveCfg = Release|Any CPU
		{AA3725B5-6248-4564-AD73-3BA2051A9D9E}.Ad-Hoc|iPhone.Build.0 = Release|Any CPU
		{AA3725B5-6248-4564-AD73-3BA2051A9D9E}.Ad-Hoc|iPhoneSimulator.ActiveCfg = Release|Any CPU
		{AA3725B5-6248-4564-AD73-3BA2051A9D9E}.Ad-Hoc|iPhoneSimulator.Build.0 = Release|Any CPU
		{AA3725B5-6248-4564-AD73-3BA2051A9D9E}.AppStore|Any CPU.ActiveCfg = Release|Any CPU
		{AA3725B5-6248-4564-AD73-3BA2051A9D9E}.AppStore|Any CPU.Build.0 = Release|Any CPU
		{AA3725B5-6248-4564-AD73-3BA2051A9D9E}.AppStore|iPhone.ActiveCfg = Release|Any CPU
		{AA3725B5-6248-4564-AD73-3BA2051A9D9E}.AppStore|iPhone.Build.0 = Release|Any CPU
		{AA3725B5-6248-4564-AD73-3BA2051A9D9E}.AppStore|iPhoneSimulator.ActiveCfg = Release|Any CPU
		{AA3725B5-6248-4564-AD73-3BA2051A9D9E}.AppStore|iPhoneSimulator.Build.0 = Release|Any CPU
		{AA3725B5-6248-4564-AD73-3BA2051A9D9E}.Debug|Any CPU.ActiveCfg = Debug|Any CPU
		{AA3725B5-6248-4564-AD73-3BA2051A9D9E}.Debug|Any CPU.Build.0 = Debug|Any CPU
		{AA3725B5-6248-4564-AD73-3BA2051A9D9E}.Debug|iPhone.ActiveCfg = Debug|Any CPU
		{AA3725B5-6248-4564-AD73-3BA2051A9D9E}.Debug|iPhone.Build.0 = Debug|Any CPU
		{AA3725B5-6248-4564-AD73-3BA2051A9D9E}.Debug|iPhoneSimulator.ActiveCfg = Debug|Any CPU
		{AA3725B5-6248-4564-AD73-3BA2051A9D9E}.Debug|iPhoneSimulator.Build.0 = Debug|Any CPU
		{AA3725B5-6248-4564-AD73-3BA2051A9D9E}.Release|Any CPU.ActiveCfg = Release|Any CPU
		{AA3725B5-6248-4564-AD73-3BA2051A9D9E}.Release|Any CPU.Build.0 = Release|Any CPU
		{AA3725B5-6248-4564-AD73-3BA2051A9D9E}.Release|iPhone.ActiveCfg = Release|Any CPU
		{AA3725B5-6248-4564-AD73-3BA2051A9D9E}.Release|iPhone.Build.0 = Release|Any CPU
		{AA3725B5-6248-4564-AD73-3BA2051A9D9E}.Release|iPhoneSimulator.ActiveCfg = Release|Any CPU
		{AA3725B5-6248-4564-AD73-3BA2051A9D9E}.Release|iPhoneSimulator.Build.0 = Release|Any CPU
		{01490879-C5BF-4EFF-9D79-EC9F2E778E05}.Ad-Hoc|Any CPU.ActiveCfg = Release|Any CPU
		{01490879-C5BF-4EFF-9D79-EC9F2E778E05}.Ad-Hoc|Any CPU.Build.0 = Release|Any CPU
		{01490879-C5BF-4EFF-9D79-EC9F2E778E05}.Ad-Hoc|iPhone.ActiveCfg = Release|Any CPU
		{01490879-C5BF-4EFF-9D79-EC9F2E778E05}.Ad-Hoc|iPhone.Build.0 = Release|Any CPU
		{01490879-C5BF-4EFF-9D79-EC9F2E778E05}.Ad-Hoc|iPhoneSimulator.ActiveCfg = Release|Any CPU
		{01490879-C5BF-4EFF-9D79-EC9F2E778E05}.Ad-Hoc|iPhoneSimulator.Build.0 = Release|Any CPU
		{01490879-C5BF-4EFF-9D79-EC9F2E778E05}.AppStore|Any CPU.ActiveCfg = Release|Any CPU
		{01490879-C5BF-4EFF-9D79-EC9F2E778E05}.AppStore|Any CPU.Build.0 = Release|Any CPU
		{01490879-C5BF-4EFF-9D79-EC9F2E778E05}.AppStore|iPhone.ActiveCfg = Release|Any CPU
		{01490879-C5BF-4EFF-9D79-EC9F2E778E05}.AppStore|iPhone.Build.0 = Release|Any CPU
		{01490879-C5BF-4EFF-9D79-EC9F2E778E05}.AppStore|iPhoneSimulator.ActiveCfg = Release|Any CPU
		{01490879-C5BF-4EFF-9D79-EC9F2E778E05}.AppStore|iPhoneSimulator.Build.0 = Release|Any CPU
		{01490879-C5BF-4EFF-9D79-EC9F2E778E05}.Debug|Any CPU.ActiveCfg = Debug|Any CPU
		{01490879-C5BF-4EFF-9D79-EC9F2E778E05}.Debug|Any CPU.Build.0 = Debug|Any CPU
		{01490879-C5BF-4EFF-9D79-EC9F2E778E05}.Debug|iPhone.ActiveCfg = Debug|Any CPU
		{01490879-C5BF-4EFF-9D79-EC9F2E778E05}.Debug|iPhone.Build.0 = Debug|Any CPU
		{01490879-C5BF-4EFF-9D79-EC9F2E778E05}.Debug|iPhoneSimulator.ActiveCfg = Debug|Any CPU
		{01490879-C5BF-4EFF-9D79-EC9F2E778E05}.Debug|iPhoneSimulator.Build.0 = Debug|Any CPU
		{01490879-C5BF-4EFF-9D79-EC9F2E778E05}.Release|Any CPU.ActiveCfg = Release|Any CPU
		{01490879-C5BF-4EFF-9D79-EC9F2E778E05}.Release|Any CPU.Build.0 = Release|Any CPU
		{01490879-C5BF-4EFF-9D79-EC9F2E778E05}.Release|iPhone.ActiveCfg = Release|Any CPU
		{01490879-C5BF-4EFF-9D79-EC9F2E778E05}.Release|iPhone.Build.0 = Release|Any CPU
		{01490879-C5BF-4EFF-9D79-EC9F2E778E05}.Release|iPhoneSimulator.ActiveCfg = Release|Any CPU
		{01490879-C5BF-4EFF-9D79-EC9F2E778E05}.Release|iPhoneSimulator.Build.0 = Release|Any CPU
		{A34AB809-8B67-45D9-A46F-2FAE6D306996}.Ad-Hoc|Any CPU.ActiveCfg = Release|Any CPU
		{A34AB809-8B67-45D9-A46F-2FAE6D306996}.Ad-Hoc|Any CPU.Build.0 = Release|Any CPU
		{A34AB809-8B67-45D9-A46F-2FAE6D306996}.Ad-Hoc|iPhone.ActiveCfg = Release|Any CPU
		{A34AB809-8B67-45D9-A46F-2FAE6D306996}.Ad-Hoc|iPhone.Build.0 = Release|Any CPU
		{A34AB809-8B67-45D9-A46F-2FAE6D306996}.Ad-Hoc|iPhoneSimulator.ActiveCfg = Release|Any CPU
		{A34AB809-8B67-45D9-A46F-2FAE6D306996}.Ad-Hoc|iPhoneSimulator.Build.0 = Release|Any CPU
		{A34AB809-8B67-45D9-A46F-2FAE6D306996}.AppStore|Any CPU.ActiveCfg = Release|Any CPU
		{A34AB809-8B67-45D9-A46F-2FAE6D306996}.AppStore|Any CPU.Build.0 = Release|Any CPU
		{A34AB809-8B67-45D9-A46F-2FAE6D306996}.AppStore|iPhone.ActiveCfg = Release|Any CPU
		{A34AB809-8B67-45D9-A46F-2FAE6D306996}.AppStore|iPhone.Build.0 = Release|Any CPU
		{A34AB809-8B67-45D9-A46F-2FAE6D306996}.AppStore|iPhoneSimulator.ActiveCfg = Release|Any CPU
		{A34AB809-8B67-45D9-A46F-2FAE6D306996}.AppStore|iPhoneSimulator.Build.0 = Release|Any CPU
		{A34AB809-8B67-45D9-A46F-2FAE6D306996}.Debug|Any CPU.ActiveCfg = Debug|Any CPU
		{A34AB809-8B67-45D9-A46F-2FAE6D306996}.Debug|Any CPU.Build.0 = Debug|Any CPU
		{A34AB809-8B67-45D9-A46F-2FAE6D306996}.Debug|iPhone.ActiveCfg = Debug|Any CPU
		{A34AB809-8B67-45D9-A46F-2FAE6D306996}.Debug|iPhone.Build.0 = Debug|Any CPU
		{A34AB809-8B67-45D9-A46F-2FAE6D306996}.Debug|iPhoneSimulator.ActiveCfg = Debug|Any CPU
		{A34AB809-8B67-45D9-A46F-2FAE6D306996}.Debug|iPhoneSimulator.Build.0 = Debug|Any CPU
		{A34AB809-8B67-45D9-A46F-2FAE6D306996}.Release|Any CPU.ActiveCfg = Release|Any CPU
		{A34AB809-8B67-45D9-A46F-2FAE6D306996}.Release|Any CPU.Build.0 = Release|Any CPU
		{A34AB809-8B67-45D9-A46F-2FAE6D306996}.Release|iPhone.ActiveCfg = Release|Any CPU
		{A34AB809-8B67-45D9-A46F-2FAE6D306996}.Release|iPhone.Build.0 = Release|Any CPU
		{A34AB809-8B67-45D9-A46F-2FAE6D306996}.Release|iPhoneSimulator.ActiveCfg = Release|Any CPU
		{A34AB809-8B67-45D9-A46F-2FAE6D306996}.Release|iPhoneSimulator.Build.0 = Release|Any CPU
		{82077061-2F5F-4045-832B-36E4B0FCD955}.Ad-Hoc|Any CPU.ActiveCfg = Debug|Any CPU
		{82077061-2F5F-4045-832B-36E4B0FCD955}.Ad-Hoc|Any CPU.Build.0 = Debug|Any CPU
		{82077061-2F5F-4045-832B-36E4B0FCD955}.Ad-Hoc|iPhone.ActiveCfg = Debug|Any CPU
		{82077061-2F5F-4045-832B-36E4B0FCD955}.Ad-Hoc|iPhone.Build.0 = Debug|Any CPU
		{82077061-2F5F-4045-832B-36E4B0FCD955}.Ad-Hoc|iPhoneSimulator.ActiveCfg = Debug|Any CPU
		{82077061-2F5F-4045-832B-36E4B0FCD955}.Ad-Hoc|iPhoneSimulator.Build.0 = Debug|Any CPU
		{82077061-2F5F-4045-832B-36E4B0FCD955}.AppStore|Any CPU.ActiveCfg = Debug|Any CPU
		{82077061-2F5F-4045-832B-36E4B0FCD955}.AppStore|Any CPU.Build.0 = Debug|Any CPU
		{82077061-2F5F-4045-832B-36E4B0FCD955}.AppStore|iPhone.ActiveCfg = Debug|Any CPU
		{82077061-2F5F-4045-832B-36E4B0FCD955}.AppStore|iPhone.Build.0 = Debug|Any CPU
		{82077061-2F5F-4045-832B-36E4B0FCD955}.AppStore|iPhoneSimulator.ActiveCfg = Debug|Any CPU
		{82077061-2F5F-4045-832B-36E4B0FCD955}.AppStore|iPhoneSimulator.Build.0 = Debug|Any CPU
		{82077061-2F5F-4045-832B-36E4B0FCD955}.Debug|Any CPU.ActiveCfg = Debug|Any CPU
		{82077061-2F5F-4045-832B-36E4B0FCD955}.Debug|Any CPU.Build.0 = Debug|Any CPU
		{82077061-2F5F-4045-832B-36E4B0FCD955}.Debug|iPhone.ActiveCfg = Debug|Any CPU
		{82077061-2F5F-4045-832B-36E4B0FCD955}.Debug|iPhone.Build.0 = Debug|Any CPU
		{82077061-2F5F-4045-832B-36E4B0FCD955}.Debug|iPhoneSimulator.ActiveCfg = Debug|Any CPU
		{82077061-2F5F-4045-832B-36E4B0FCD955}.Debug|iPhoneSimulator.Build.0 = Debug|Any CPU
		{82077061-2F5F-4045-832B-36E4B0FCD955}.Release|Any CPU.ActiveCfg = Release|Any CPU
		{82077061-2F5F-4045-832B-36E4B0FCD955}.Release|Any CPU.Build.0 = Release|Any CPU
		{82077061-2F5F-4045-832B-36E4B0FCD955}.Release|iPhone.ActiveCfg = Release|Any CPU
		{82077061-2F5F-4045-832B-36E4B0FCD955}.Release|iPhone.Build.0 = Release|Any CPU
		{82077061-2F5F-4045-832B-36E4B0FCD955}.Release|iPhoneSimulator.ActiveCfg = Release|Any CPU
		{82077061-2F5F-4045-832B-36E4B0FCD955}.Release|iPhoneSimulator.Build.0 = Release|Any CPU
		{D9E810A8-6B2A-402F-B973-43B4F32C8993}.Ad-Hoc|Any CPU.ActiveCfg = Release|Any CPU
		{D9E810A8-6B2A-402F-B973-43B4F32C8993}.Ad-Hoc|Any CPU.Build.0 = Release|Any CPU
		{D9E810A8-6B2A-402F-B973-43B4F32C8993}.Ad-Hoc|Any CPU.Deploy.0 = Release|Any CPU
		{D9E810A8-6B2A-402F-B973-43B4F32C8993}.Ad-Hoc|iPhone.ActiveCfg = Release|Any CPU
		{D9E810A8-6B2A-402F-B973-43B4F32C8993}.Ad-Hoc|iPhone.Build.0 = Release|Any CPU
		{D9E810A8-6B2A-402F-B973-43B4F32C8993}.Ad-Hoc|iPhone.Deploy.0 = Release|Any CPU
		{D9E810A8-6B2A-402F-B973-43B4F32C8993}.Ad-Hoc|iPhoneSimulator.ActiveCfg = Release|Any CPU
		{D9E810A8-6B2A-402F-B973-43B4F32C8993}.Ad-Hoc|iPhoneSimulator.Build.0 = Release|Any CPU
		{D9E810A8-6B2A-402F-B973-43B4F32C8993}.Ad-Hoc|iPhoneSimulator.Deploy.0 = Release|Any CPU
		{D9E810A8-6B2A-402F-B973-43B4F32C8993}.AppStore|Any CPU.ActiveCfg = Release|Any CPU
		{D9E810A8-6B2A-402F-B973-43B4F32C8993}.AppStore|Any CPU.Build.0 = Release|Any CPU
		{D9E810A8-6B2A-402F-B973-43B4F32C8993}.AppStore|Any CPU.Deploy.0 = Release|Any CPU
		{D9E810A8-6B2A-402F-B973-43B4F32C8993}.AppStore|iPhone.ActiveCfg = Release|Any CPU
		{D9E810A8-6B2A-402F-B973-43B4F32C8993}.AppStore|iPhone.Build.0 = Release|Any CPU
		{D9E810A8-6B2A-402F-B973-43B4F32C8993}.AppStore|iPhone.Deploy.0 = Release|Any CPU
		{D9E810A8-6B2A-402F-B973-43B4F32C8993}.AppStore|iPhoneSimulator.ActiveCfg = Release|Any CPU
		{D9E810A8-6B2A-402F-B973-43B4F32C8993}.AppStore|iPhoneSimulator.Build.0 = Release|Any CPU
		{D9E810A8-6B2A-402F-B973-43B4F32C8993}.AppStore|iPhoneSimulator.Deploy.0 = Release|Any CPU
		{D9E810A8-6B2A-402F-B973-43B4F32C8993}.Debug|Any CPU.ActiveCfg = Debug|Any CPU
		{D9E810A8-6B2A-402F-B973-43B4F32C8993}.Debug|Any CPU.Build.0 = Debug|Any CPU
		{D9E810A8-6B2A-402F-B973-43B4F32C8993}.Debug|Any CPU.Deploy.0 = Debug|Any CPU
		{D9E810A8-6B2A-402F-B973-43B4F32C8993}.Debug|iPhone.ActiveCfg = Debug|Any CPU
		{D9E810A8-6B2A-402F-B973-43B4F32C8993}.Debug|iPhone.Build.0 = Debug|Any CPU
		{D9E810A8-6B2A-402F-B973-43B4F32C8993}.Debug|iPhone.Deploy.0 = Debug|Any CPU
		{D9E810A8-6B2A-402F-B973-43B4F32C8993}.Debug|iPhoneSimulator.ActiveCfg = Debug|Any CPU
		{D9E810A8-6B2A-402F-B973-43B4F32C8993}.Debug|iPhoneSimulator.Build.0 = Debug|Any CPU
		{D9E810A8-6B2A-402F-B973-43B4F32C8993}.Debug|iPhoneSimulator.Deploy.0 = Debug|Any CPU
		{D9E810A8-6B2A-402F-B973-43B4F32C8993}.Release|Any CPU.ActiveCfg = Release|Any CPU
		{D9E810A8-6B2A-402F-B973-43B4F32C8993}.Release|Any CPU.Build.0 = Release|Any CPU
		{D9E810A8-6B2A-402F-B973-43B4F32C8993}.Release|Any CPU.Deploy.0 = Release|Any CPU
		{D9E810A8-6B2A-402F-B973-43B4F32C8993}.Release|iPhone.ActiveCfg = Release|Any CPU
		{D9E810A8-6B2A-402F-B973-43B4F32C8993}.Release|iPhone.Build.0 = Release|Any CPU
		{D9E810A8-6B2A-402F-B973-43B4F32C8993}.Release|iPhone.Deploy.0 = Release|Any CPU
		{D9E810A8-6B2A-402F-B973-43B4F32C8993}.Release|iPhoneSimulator.ActiveCfg = Release|Any CPU
		{D9E810A8-6B2A-402F-B973-43B4F32C8993}.Release|iPhoneSimulator.Build.0 = Release|Any CPU
		{D9E810A8-6B2A-402F-B973-43B4F32C8993}.Release|iPhoneSimulator.Deploy.0 = Release|Any CPU
		{1FDD0E18-38A8-4C8F-B267-A6B35F664C78}.Ad-Hoc|Any CPU.ActiveCfg = Ad-Hoc|iPhone
		{1FDD0E18-38A8-4C8F-B267-A6B35F664C78}.Ad-Hoc|iPhone.ActiveCfg = Ad-Hoc|iPhone
		{1FDD0E18-38A8-4C8F-B267-A6B35F664C78}.Ad-Hoc|iPhone.Build.0 = Ad-Hoc|iPhone
		{1FDD0E18-38A8-4C8F-B267-A6B35F664C78}.Ad-Hoc|iPhoneSimulator.ActiveCfg = Ad-Hoc|iPhoneSimulator
		{1FDD0E18-38A8-4C8F-B267-A6B35F664C78}.Ad-Hoc|iPhoneSimulator.Build.0 = Ad-Hoc|iPhoneSimulator
		{1FDD0E18-38A8-4C8F-B267-A6B35F664C78}.AppStore|Any CPU.ActiveCfg = AppStore|iPhone
		{1FDD0E18-38A8-4C8F-B267-A6B35F664C78}.AppStore|iPhone.ActiveCfg = AppStore|iPhone
		{1FDD0E18-38A8-4C8F-B267-A6B35F664C78}.AppStore|iPhone.Build.0 = AppStore|iPhone
		{1FDD0E18-38A8-4C8F-B267-A6B35F664C78}.AppStore|iPhoneSimulator.ActiveCfg = AppStore|iPhoneSimulator
		{1FDD0E18-38A8-4C8F-B267-A6B35F664C78}.AppStore|iPhoneSimulator.Build.0 = AppStore|iPhoneSimulator
		{1FDD0E18-38A8-4C8F-B267-A6B35F664C78}.Debug|Any CPU.ActiveCfg = Debug|iPhone
		{1FDD0E18-38A8-4C8F-B267-A6B35F664C78}.Debug|iPhone.ActiveCfg = Debug|iPhone
		{1FDD0E18-38A8-4C8F-B267-A6B35F664C78}.Debug|iPhone.Build.0 = Debug|iPhone
		{1FDD0E18-38A8-4C8F-B267-A6B35F664C78}.Debug|iPhoneSimulator.ActiveCfg = Debug|iPhoneSimulator
		{1FDD0E18-38A8-4C8F-B267-A6B35F664C78}.Debug|iPhoneSimulator.Build.0 = Debug|iPhoneSimulator
		{1FDD0E18-38A8-4C8F-B267-A6B35F664C78}.Release|Any CPU.ActiveCfg = Release|iPhone
		{1FDD0E18-38A8-4C8F-B267-A6B35F664C78}.Release|iPhone.ActiveCfg = Release|iPhone
		{1FDD0E18-38A8-4C8F-B267-A6B35F664C78}.Release|iPhone.Build.0 = Release|iPhone
		{1FDD0E18-38A8-4C8F-B267-A6B35F664C78}.Release|iPhoneSimulator.ActiveCfg = Release|iPhoneSimulator
		{1FDD0E18-38A8-4C8F-B267-A6B35F664C78}.Release|iPhoneSimulator.Build.0 = Release|iPhoneSimulator
		{79F249F5-022A-413B-9BB2-D9E59299EFF3}.Ad-Hoc|Any CPU.ActiveCfg = Debug|Any CPU
		{79F249F5-022A-413B-9BB2-D9E59299EFF3}.Ad-Hoc|Any CPU.Build.0 = Debug|Any CPU
		{79F249F5-022A-413B-9BB2-D9E59299EFF3}.Ad-Hoc|iPhone.ActiveCfg = Debug|Any CPU
		{79F249F5-022A-413B-9BB2-D9E59299EFF3}.Ad-Hoc|iPhone.Build.0 = Debug|Any CPU
		{79F249F5-022A-413B-9BB2-D9E59299EFF3}.Ad-Hoc|iPhoneSimulator.ActiveCfg = Debug|Any CPU
		{79F249F5-022A-413B-9BB2-D9E59299EFF3}.Ad-Hoc|iPhoneSimulator.Build.0 = Debug|Any CPU
		{79F249F5-022A-413B-9BB2-D9E59299EFF3}.AppStore|Any CPU.ActiveCfg = Debug|Any CPU
		{79F249F5-022A-413B-9BB2-D9E59299EFF3}.AppStore|Any CPU.Build.0 = Debug|Any CPU
		{79F249F5-022A-413B-9BB2-D9E59299EFF3}.AppStore|iPhone.ActiveCfg = Debug|Any CPU
		{79F249F5-022A-413B-9BB2-D9E59299EFF3}.AppStore|iPhone.Build.0 = Debug|Any CPU
		{79F249F5-022A-413B-9BB2-D9E59299EFF3}.AppStore|iPhoneSimulator.ActiveCfg = Debug|Any CPU
		{79F249F5-022A-413B-9BB2-D9E59299EFF3}.AppStore|iPhoneSimulator.Build.0 = Debug|Any CPU
		{79F249F5-022A-413B-9BB2-D9E59299EFF3}.Debug|Any CPU.ActiveCfg = Debug|Any CPU
		{79F249F5-022A-413B-9BB2-D9E59299EFF3}.Debug|Any CPU.Build.0 = Debug|Any CPU
		{79F249F5-022A-413B-9BB2-D9E59299EFF3}.Debug|iPhone.ActiveCfg = Debug|Any CPU
		{79F249F5-022A-413B-9BB2-D9E59299EFF3}.Debug|iPhone.Build.0 = Debug|Any CPU
		{79F249F5-022A-413B-9BB2-D9E59299EFF3}.Debug|iPhoneSimulator.ActiveCfg = Debug|Any CPU
		{79F249F5-022A-413B-9BB2-D9E59299EFF3}.Debug|iPhoneSimulator.Build.0 = Debug|Any CPU
		{79F249F5-022A-413B-9BB2-D9E59299EFF3}.Release|Any CPU.ActiveCfg = Release|Any CPU
		{79F249F5-022A-413B-9BB2-D9E59299EFF3}.Release|Any CPU.Build.0 = Release|Any CPU
		{79F249F5-022A-413B-9BB2-D9E59299EFF3}.Release|iPhone.ActiveCfg = Release|Any CPU
		{79F249F5-022A-413B-9BB2-D9E59299EFF3}.Release|iPhone.Build.0 = Release|Any CPU
		{79F249F5-022A-413B-9BB2-D9E59299EFF3}.Release|iPhoneSimulator.ActiveCfg = Release|Any CPU
		{79F249F5-022A-413B-9BB2-D9E59299EFF3}.Release|iPhoneSimulator.Build.0 = Release|Any CPU
	EndGlobalSection
	GlobalSection(SolutionProperties) = preSolution
		HideSolutionNode = FALSE
	EndGlobalSection
	GlobalSection(ExtensibilityGlobals) = postSolution
		SolutionGuid = {A0AB4B9C-B4D3-4CCA-B842-9FC0C966A01F}
	EndGlobalSection
EndGlobal
