
Microsoft Visual Studio Solution File, Format Version 12.00
# Visual Studio 15
VisualStudioVersion = 15.0.27130.2036
MinimumVisualStudioVersion = 10.0.40219.1
Project("{6EC3EE1D-3C4E-46DD-8F32-0CC8E7565705}") = "SmartRecipes.Models", "SmartRecipes.Models\SmartRecipes.Models.fsproj", "{AA3725B5-6248-4564-AD73-3BA2051A9D9E}"
EndProject
Project("{6EC3EE1D-3C4E-46DD-8F32-0CC8E7565705}") = "SmartRecipes.DataAccess", "SmartRecipes.DataAccess\SmartRecipes.DataAccess.fsproj", "{01490879-C5BF-4EFF-9D79-EC9F2E778E05}"
EndProject
Project("{6EC3EE1D-3C4E-46DD-8F32-0CC8E7565705}") = "SmartRecipes.Business", "SmartRecipes.Business\SmartRecipes.Business.fsproj", "{A34AB809-8B67-45D9-A46F-2FAE6D306996}"
EndProject
Project("{F2A71F9B-5D33-465A-A702-920D77279786}") = "SmartRecipes.Database", "SmartRecipes.Database\SmartRecipes.Database.fsproj", "{17AF1E7D-D625-4947-8052-8E7431C2E860}"
EndProject
Project("{F2A71F9B-5D33-465A-A702-920D77279786}") = "SmartRecipes.Tests", "SmartRecipes.Tests\SmartRecipes.Tests.fsproj", "{C5C9CDE0-EBD7-45F2-9814-7EF7A124D44D}"
EndProject
Project("{F2A71F9B-5D33-465A-A702-920D77279786}") = "SmartRecipes.UseCases", "SmartRecipes.UseCases\SmartRecipes.UseCases.fsproj", "{B4C4882C-E715-4077-A85E-BD360B417C4F}"
EndProject
Project("{F2A71F9B-5D33-465A-A702-920D77279786}") = "SmartRecipes.Api", "SmartRecipes.Api\src\SmartRecipes.Api\SmartRecipes.Api.fsproj", "{A996C772-DA04-42AE-9C66-1FA301CE5E6B}"
EndProject
Project("{F2A71F9B-5D33-465A-A702-920D77279786}") = "SmartRecipes.Infrastructure", "SmartRecipes.Infrastructure\SmartRecipes.Infrastructure.fsproj", "{7FFE6C11-AB1C-42C6-B89F-81EF8AA7C24C}"
EndProject
Global
	GlobalSection(SolutionConfigurationPlatforms) = preSolution
		Ad-Hoc|Any CPU = Ad-Hoc|Any CPU
		Ad-Hoc|iPhone = Ad-Hoc|iPhone
		Ad-Hoc|iPhoneSimulator = Ad-Hoc|iPhoneSimulator
		AppStore|Any CPU = AppStore|Any CPU
		AppStore|iPhone = AppStore|iPhone
		AppStore|iPhoneSimulator = AppStore|iPhoneSimulator
		Debug|Any CPU = Debug|Any CPU
		Debug|iPhone = Debug|iPhone
		Debug|iPhoneSimulator = Debug|iPhoneSimulator
		Release|Any CPU = Release|Any CPU
		Release|iPhone = Release|iPhone
		Release|iPhoneSimulator = Release|iPhoneSimulator
	EndGlobalSection
	GlobalSection(ProjectConfigurationPlatforms) = postSolution
		{AA3725B5-6248-4564-AD73-3BA2051A9D9E}.Ad-Hoc|Any CPU.ActiveCfg = Release|Any CPU
		{AA3725B5-6248-4564-AD73-3BA2051A9D9E}.Ad-Hoc|Any CPU.Build.0 = Release|Any CPU
		{AA3725B5-6248-4564-AD73-3BA2051A9D9E}.Ad-Hoc|iPhone.ActiveCfg = Release|Any CPU
		{AA3725B5-6248-4564-AD73-3BA2051A9D9E}.Ad-Hoc|iPhone.Build.0 = Release|Any CPU
		{AA3725B5-6248-4564-AD73-3BA2051A9D9E}.Ad-Hoc|iPhoneSimulator.ActiveCfg = Release|Any CPU
		{AA3725B5-6248-4564-AD73-3BA2051A9D9E}.Ad-Hoc|iPhoneSimulator.Build.0 = Release|Any CPU
		{AA3725B5-6248-4564-AD73-3BA2051A9D9E}.AppStore|Any CPU.ActiveCfg = Release|Any CPU
		{AA3725B5-6248-4564-AD73-3BA2051A9D9E}.AppStore|Any CPU.Build.0 = Release|Any CPU
		{AA3725B5-6248-4564-AD73-3BA2051A9D9E}.AppStore|iPhone.ActiveCfg = Release|Any CPU
		{AA3725B5-6248-4564-AD73-3BA2051A9D9E}.AppStore|iPhone.Build.0 = Release|Any CPU
		{AA3725B5-6248-4564-AD73-3BA2051A9D9E}.AppStore|iPhoneSimulator.ActiveCfg = Release|Any CPU
		{AA3725B5-6248-4564-AD73-3BA2051A9D9E}.AppStore|iPhoneSimulator.Build.0 = Release|Any CPU
		{AA3725B5-6248-4564-AD73-3BA2051A9D9E}.Debug|Any CPU.ActiveCfg = Debug|Any CPU
		{AA3725B5-6248-4564-AD73-3BA2051A9D9E}.Debug|Any CPU.Build.0 = Debug|Any CPU
		{AA3725B5-6248-4564-AD73-3BA2051A9D9E}.Debug|iPhone.ActiveCfg = Debug|Any CPU
		{AA3725B5-6248-4564-AD73-3BA2051A9D9E}.Debug|iPhone.Build.0 = Debug|Any CPU
		{AA3725B5-6248-4564-AD73-3BA2051A9D9E}.Debug|iPhoneSimulator.ActiveCfg = Debug|Any CPU
		{AA3725B5-6248-4564-AD73-3BA2051A9D9E}.Debug|iPhoneSimulator.Build.0 = Debug|Any CPU
		{AA3725B5-6248-4564-AD73-3BA2051A9D9E}.Release|Any CPU.ActiveCfg = Release|Any CPU
		{AA3725B5-6248-4564-AD73-3BA2051A9D9E}.Release|Any CPU.Build.0 = Release|Any CPU
		{AA3725B5-6248-4564-AD73-3BA2051A9D9E}.Release|iPhone.ActiveCfg = Release|Any CPU
		{AA3725B5-6248-4564-AD73-3BA2051A9D9E}.Release|iPhone.Build.0 = Release|Any CPU
		{AA3725B5-6248-4564-AD73-3BA2051A9D9E}.Release|iPhoneSimulator.ActiveCfg = Release|Any CPU
		{AA3725B5-6248-4564-AD73-3BA2051A9D9E}.Release|iPhoneSimulator.Build.0 = Release|Any CPU
		{01490879-C5BF-4EFF-9D79-EC9F2E778E05}.Ad-Hoc|Any CPU.ActiveCfg = Release|Any CPU
		{01490879-C5BF-4EFF-9D79-EC9F2E778E05}.Ad-Hoc|Any CPU.Build.0 = Release|Any CPU
		{01490879-C5BF-4EFF-9D79-EC9F2E778E05}.Ad-Hoc|iPhone.ActiveCfg = Release|Any CPU
		{01490879-C5BF-4EFF-9D79-EC9F2E778E05}.Ad-Hoc|iPhone.Build.0 = Release|Any CPU
		{01490879-C5BF-4EFF-9D79-EC9F2E778E05}.Ad-Hoc|iPhoneSimulator.ActiveCfg = Release|Any CPU
		{01490879-C5BF-4EFF-9D79-EC9F2E778E05}.Ad-Hoc|iPhoneSimulator.Build.0 = Release|Any CPU
		{01490879-C5BF-4EFF-9D79-EC9F2E778E05}.AppStore|Any CPU.ActiveCfg = Release|Any CPU
		{01490879-C5BF-4EFF-9D79-EC9F2E778E05}.AppStore|Any CPU.Build.0 = Release|Any CPU
		{01490879-C5BF-4EFF-9D79-EC9F2E778E05}.AppStore|iPhone.ActiveCfg = Release|Any CPU
		{01490879-C5BF-4EFF-9D79-EC9F2E778E05}.AppStore|iPhone.Build.0 = Release|Any CPU
		{01490879-C5BF-4EFF-9D79-EC9F2E778E05}.AppStore|iPhoneSimulator.ActiveCfg = Release|Any CPU
		{01490879-C5BF-4EFF-9D79-EC9F2E778E05}.AppStore|iPhoneSimulator.Build.0 = Release|Any CPU
		{01490879-C5BF-4EFF-9D79-EC9F2E778E05}.Debug|Any CPU.ActiveCfg = Debug|Any CPU
		{01490879-C5BF-4EFF-9D79-EC9F2E778E05}.Debug|Any CPU.Build.0 = Debug|Any CPU
		{01490879-C5BF-4EFF-9D79-EC9F2E778E05}.Debug|iPhone.ActiveCfg = Debug|Any CPU
		{01490879-C5BF-4EFF-9D79-EC9F2E778E05}.Debug|iPhone.Build.0 = Debug|Any CPU
		{01490879-C5BF-4EFF-9D79-EC9F2E778E05}.Debug|iPhoneSimulator.ActiveCfg = Debug|Any CPU
		{01490879-C5BF-4EFF-9D79-EC9F2E778E05}.Debug|iPhoneSimulator.Build.0 = Debug|Any CPU
		{01490879-C5BF-4EFF-9D79-EC9F2E778E05}.Release|Any CPU.ActiveCfg = Release|Any CPU
		{01490879-C5BF-4EFF-9D79-EC9F2E778E05}.Release|Any CPU.Build.0 = Release|Any CPU
		{01490879-C5BF-4EFF-9D79-EC9F2E778E05}.Release|iPhone.ActiveCfg = Release|Any CPU
		{01490879-C5BF-4EFF-9D79-EC9F2E778E05}.Release|iPhone.Build.0 = Release|Any CPU
		{01490879-C5BF-4EFF-9D79-EC9F2E778E05}.Release|iPhoneSimulator.ActiveCfg = Release|Any CPU
		{01490879-C5BF-4EFF-9D79-EC9F2E778E05}.Release|iPhoneSimulator.Build.0 = Release|Any CPU
		{A34AB809-8B67-45D9-A46F-2FAE6D306996}.Ad-Hoc|Any CPU.ActiveCfg = Release|Any CPU
		{A34AB809-8B67-45D9-A46F-2FAE6D306996}.Ad-Hoc|Any CPU.Build.0 = Release|Any CPU
		{A34AB809-8B67-45D9-A46F-2FAE6D306996}.Ad-Hoc|iPhone.ActiveCfg = Release|Any CPU
		{A34AB809-8B67-45D9-A46F-2FAE6D306996}.Ad-Hoc|iPhone.Build.0 = Release|Any CPU
		{A34AB809-8B67-45D9-A46F-2FAE6D306996}.Ad-Hoc|iPhoneSimulator.ActiveCfg = Release|Any CPU
		{A34AB809-8B67-45D9-A46F-2FAE6D306996}.Ad-Hoc|iPhoneSimulator.Build.0 = Release|Any CPU
		{A34AB809-8B67-45D9-A46F-2FAE6D306996}.AppStore|Any CPU.ActiveCfg = Release|Any CPU
		{A34AB809-8B67-45D9-A46F-2FAE6D306996}.AppStore|Any CPU.Build.0 = Release|Any CPU
		{A34AB809-8B67-45D9-A46F-2FAE6D306996}.AppStore|iPhone.ActiveCfg = Release|Any CPU
		{A34AB809-8B67-45D9-A46F-2FAE6D306996}.AppStore|iPhone.Build.0 = Release|Any CPU
		{A34AB809-8B67-45D9-A46F-2FAE6D306996}.AppStore|iPhoneSimulator.ActiveCfg = Release|Any CPU
		{A34AB809-8B67-45D9-A46F-2FAE6D306996}.AppStore|iPhoneSimulator.Build.0 = Release|Any CPU
		{A34AB809-8B67-45D9-A46F-2FAE6D306996}.Debug|Any CPU.ActiveCfg = Debug|Any CPU
		{A34AB809-8B67-45D9-A46F-2FAE6D306996}.Debug|Any CPU.Build.0 = Debug|Any CPU
		{A34AB809-8B67-45D9-A46F-2FAE6D306996}.Debug|iPhone.ActiveCfg = Debug|Any CPU
		{A34AB809-8B67-45D9-A46F-2FAE6D306996}.Debug|iPhone.Build.0 = Debug|Any CPU
		{A34AB809-8B67-45D9-A46F-2FAE6D306996}.Debug|iPhoneSimulator.ActiveCfg = Debug|Any CPU
		{A34AB809-8B67-45D9-A46F-2FAE6D306996}.Debug|iPhoneSimulator.Build.0 = Debug|Any CPU
		{A34AB809-8B67-45D9-A46F-2FAE6D306996}.Release|Any CPU.ActiveCfg = Release|Any CPU
		{A34AB809-8B67-45D9-A46F-2FAE6D306996}.Release|Any CPU.Build.0 = Release|Any CPU
		{A34AB809-8B67-45D9-A46F-2FAE6D306996}.Release|iPhone.ActiveCfg = Release|Any CPU
		{A34AB809-8B67-45D9-A46F-2FAE6D306996}.Release|iPhone.Build.0 = Release|Any CPU
		{A34AB809-8B67-45D9-A46F-2FAE6D306996}.Release|iPhoneSimulator.ActiveCfg = Release|Any CPU
		{A34AB809-8B67-45D9-A46F-2FAE6D306996}.Release|iPhoneSimulator.Build.0 = Release|Any CPU
		{D9E810A8-6B2A-402F-B973-43B4F32C8993}.Ad-Hoc|Any CPU.ActiveCfg = Release|Any CPU
		{D9E810A8-6B2A-402F-B973-43B4F32C8993}.Ad-Hoc|Any CPU.Build.0 = Release|Any CPU
		{D9E810A8-6B2A-402F-B973-43B4F32C8993}.Ad-Hoc|Any CPU.Deploy.0 = Release|Any CPU
		{D9E810A8-6B2A-402F-B973-43B4F32C8993}.Ad-Hoc|iPhone.ActiveCfg = Release|Any CPU
		{D9E810A8-6B2A-402F-B973-43B4F32C8993}.Ad-Hoc|iPhone.Build.0 = Release|Any CPU
		{D9E810A8-6B2A-402F-B973-43B4F32C8993}.Ad-Hoc|iPhone.Deploy.0 = Release|Any CPU
		{D9E810A8-6B2A-402F-B973-43B4F32C8993}.Ad-Hoc|iPhoneSimulator.ActiveCfg = Release|Any CPU
		{D9E810A8-6B2A-402F-B973-43B4F32C8993}.Ad-Hoc|iPhoneSimulator.Build.0 = Release|Any CPU
		{D9E810A8-6B2A-402F-B973-43B4F32C8993}.Ad-Hoc|iPhoneSimulator.Deploy.0 = Release|Any CPU
		{D9E810A8-6B2A-402F-B973-43B4F32C8993}.AppStore|Any CPU.ActiveCfg = Release|Any CPU
		{D9E810A8-6B2A-402F-B973-43B4F32C8993}.AppStore|Any CPU.Build.0 = Release|Any CPU
		{D9E810A8-6B2A-402F-B973-43B4F32C8993}.AppStore|Any CPU.Deploy.0 = Release|Any CPU
		{D9E810A8-6B2A-402F-B973-43B4F32C8993}.AppStore|iPhone.ActiveCfg = Release|Any CPU
		{D9E810A8-6B2A-402F-B973-43B4F32C8993}.AppStore|iPhone.Build.0 = Release|Any CPU
		{D9E810A8-6B2A-402F-B973-43B4F32C8993}.AppStore|iPhone.Deploy.0 = Release|Any CPU
		{D9E810A8-6B2A-402F-B973-43B4F32C8993}.AppStore|iPhoneSimulator.ActiveCfg = Release|Any CPU
		{D9E810A8-6B2A-402F-B973-43B4F32C8993}.AppStore|iPhoneSimulator.Build.0 = Release|Any CPU
		{D9E810A8-6B2A-402F-B973-43B4F32C8993}.AppStore|iPhoneSimulator.Deploy.0 = Release|Any CPU
		{D9E810A8-6B2A-402F-B973-43B4F32C8993}.Debug|Any CPU.ActiveCfg = Debug|Any CPU
		{D9E810A8-6B2A-402F-B973-43B4F32C8993}.Debug|Any CPU.Deploy.0 = Debug|Any CPU
		{D9E810A8-6B2A-402F-B973-43B4F32C8993}.Debug|iPhone.ActiveCfg = Debug|Any CPU
		{D9E810A8-6B2A-402F-B973-43B4F32C8993}.Debug|iPhone.Build.0 = Debug|Any CPU
		{D9E810A8-6B2A-402F-B973-43B4F32C8993}.Debug|iPhone.Deploy.0 = Debug|Any CPU
		{D9E810A8-6B2A-402F-B973-43B4F32C8993}.Debug|iPhoneSimulator.ActiveCfg = Debug|Any CPU
		{D9E810A8-6B2A-402F-B973-43B4F32C8993}.Debug|iPhoneSimulator.Build.0 = Debug|Any CPU
		{D9E810A8-6B2A-402F-B973-43B4F32C8993}.Debug|iPhoneSimulator.Deploy.0 = Debug|Any CPU
		{D9E810A8-6B2A-402F-B973-43B4F32C8993}.Release|Any CPU.ActiveCfg = Release|Any CPU
		{D9E810A8-6B2A-402F-B973-43B4F32C8993}.Release|Any CPU.Build.0 = Release|Any CPU
		{D9E810A8-6B2A-402F-B973-43B4F32C8993}.Release|Any CPU.Deploy.0 = Release|Any CPU
		{D9E810A8-6B2A-402F-B973-43B4F32C8993}.Release|iPhone.ActiveCfg = Release|Any CPU
		{D9E810A8-6B2A-402F-B973-43B4F32C8993}.Release|iPhone.Build.0 = Release|Any CPU
		{D9E810A8-6B2A-402F-B973-43B4F32C8993}.Release|iPhone.Deploy.0 = Release|Any CPU
		{D9E810A8-6B2A-402F-B973-43B4F32C8993}.Release|iPhoneSimulator.ActiveCfg = Release|Any CPU
		{D9E810A8-6B2A-402F-B973-43B4F32C8993}.Release|iPhoneSimulator.Build.0 = Release|Any CPU
		{D9E810A8-6B2A-402F-B973-43B4F32C8993}.Release|iPhoneSimulator.Deploy.0 = Release|Any CPU
		{1FDD0E18-38A8-4C8F-B267-A6B35F664C78}.Ad-Hoc|Any CPU.ActiveCfg = Ad-Hoc|iPhone
		{1FDD0E18-38A8-4C8F-B267-A6B35F664C78}.Ad-Hoc|iPhone.ActiveCfg = Ad-Hoc|iPhone
		{1FDD0E18-38A8-4C8F-B267-A6B35F664C78}.Ad-Hoc|iPhone.Build.0 = Ad-Hoc|iPhone
		{1FDD0E18-38A8-4C8F-B267-A6B35F664C78}.Ad-Hoc|iPhoneSimulator.ActiveCfg = Ad-Hoc|iPhoneSimulator
		{1FDD0E18-38A8-4C8F-B267-A6B35F664C78}.Ad-Hoc|iPhoneSimulator.Build.0 = Ad-Hoc|iPhoneSimulator
		{1FDD0E18-38A8-4C8F-B267-A6B35F664C78}.AppStore|Any CPU.ActiveCfg = AppStore|iPhone
		{1FDD0E18-38A8-4C8F-B267-A6B35F664C78}.AppStore|iPhone.ActiveCfg = AppStore|iPhone
		{1FDD0E18-38A8-4C8F-B267-A6B35F664C78}.AppStore|iPhone.Build.0 = AppStore|iPhone
		{1FDD0E18-38A8-4C8F-B267-A6B35F664C78}.AppStore|iPhoneSimulator.ActiveCfg = AppStore|iPhoneSimulator
		{1FDD0E18-38A8-4C8F-B267-A6B35F664C78}.AppStore|iPhoneSimulator.Build.0 = AppStore|iPhoneSimulator
		{1FDD0E18-38A8-4C8F-B267-A6B35F664C78}.Debug|Any CPU.ActiveCfg = Debug|iPhone
		{1FDD0E18-38A8-4C8F-B267-A6B35F664C78}.Debug|iPhone.ActiveCfg = Debug|iPhone
		{1FDD0E18-38A8-4C8F-B267-A6B35F664C78}.Debug|iPhone.Build.0 = Debug|iPhone
		{1FDD0E18-38A8-4C8F-B267-A6B35F664C78}.Debug|iPhoneSimulator.ActiveCfg = Debug|iPhoneSimulator
		{1FDD0E18-38A8-4C8F-B267-A6B35F664C78}.Debug|iPhoneSimulator.Build.0 = Debug|iPhoneSimulator
		{1FDD0E18-38A8-4C8F-B267-A6B35F664C78}.Release|Any CPU.ActiveCfg = Release|iPhone
		{1FDD0E18-38A8-4C8F-B267-A6B35F664C78}.Release|iPhone.ActiveCfg = Release|iPhone
		{1FDD0E18-38A8-4C8F-B267-A6B35F664C78}.Release|iPhone.Build.0 = Release|iPhone
		{1FDD0E18-38A8-4C8F-B267-A6B35F664C78}.Release|iPhoneSimulator.ActiveCfg = Release|iPhoneSimulator
		{1FDD0E18-38A8-4C8F-B267-A6B35F664C78}.Release|iPhoneSimulator.Build.0 = Release|iPhoneSimulator
		{79F249F5-022A-413B-9BB2-D9E59299EFF3}.Ad-Hoc|Any CPU.ActiveCfg = Debug|Any CPU
		{79F249F5-022A-413B-9BB2-D9E59299EFF3}.Ad-Hoc|Any CPU.Build.0 = Debug|Any CPU
		{79F249F5-022A-413B-9BB2-D9E59299EFF3}.Ad-Hoc|iPhone.ActiveCfg = Debug|Any CPU
		{79F249F5-022A-413B-9BB2-D9E59299EFF3}.Ad-Hoc|iPhone.Build.0 = Debug|Any CPU
		{79F249F5-022A-413B-9BB2-D9E59299EFF3}.Ad-Hoc|iPhoneSimulator.ActiveCfg = Debug|Any CPU
		{79F249F5-022A-413B-9BB2-D9E59299EFF3}.Ad-Hoc|iPhoneSimulator.Build.0 = Debug|Any CPU
		{79F249F5-022A-413B-9BB2-D9E59299EFF3}.AppStore|Any CPU.ActiveCfg = Debug|Any CPU
		{79F249F5-022A-413B-9BB2-D9E59299EFF3}.AppStore|Any CPU.Build.0 = Debug|Any CPU
		{79F249F5-022A-413B-9BB2-D9E59299EFF3}.AppStore|iPhone.ActiveCfg = Debug|Any CPU
		{79F249F5-022A-413B-9BB2-D9E59299EFF3}.AppStore|iPhone.Build.0 = Debug|Any CPU
		{79F249F5-022A-413B-9BB2-D9E59299EFF3}.AppStore|iPhoneSimulator.ActiveCfg = Debug|Any CPU
		{79F249F5-022A-413B-9BB2-D9E59299EFF3}.AppStore|iPhoneSimulator.Build.0 = Debug|Any CPU
		{79F249F5-022A-413B-9BB2-D9E59299EFF3}.Debug|Any CPU.ActiveCfg = Debug|Any CPU
		{79F249F5-022A-413B-9BB2-D9E59299EFF3}.Debug|iPhone.ActiveCfg = Debug|Any CPU
		{79F249F5-022A-413B-9BB2-D9E59299EFF3}.Debug|iPhone.Build.0 = Debug|Any CPU
		{79F249F5-022A-413B-9BB2-D9E59299EFF3}.Debug|iPhoneSimulator.ActiveCfg = Debug|Any CPU
		{79F249F5-022A-413B-9BB2-D9E59299EFF3}.Debug|iPhoneSimulator.Build.0 = Debug|Any CPU
		{79F249F5-022A-413B-9BB2-D9E59299EFF3}.Release|Any CPU.ActiveCfg = Release|Any CPU
		{79F249F5-022A-413B-9BB2-D9E59299EFF3}.Release|Any CPU.Build.0 = Release|Any CPU
		{79F249F5-022A-413B-9BB2-D9E59299EFF3}.Release|iPhone.ActiveCfg = Release|Any CPU
		{79F249F5-022A-413B-9BB2-D9E59299EFF3}.Release|iPhone.Build.0 = Release|Any CPU
		{79F249F5-022A-413B-9BB2-D9E59299EFF3}.Release|iPhoneSimulator.ActiveCfg = Release|Any CPU
		{79F249F5-022A-413B-9BB2-D9E59299EFF3}.Release|iPhoneSimulator.Build.0 = Release|Any CPU
		{17AF1E7D-D625-4947-8052-8E7431C2E860}.Ad-Hoc|Any CPU.ActiveCfg = Debug|Any CPU
		{17AF1E7D-D625-4947-8052-8E7431C2E860}.Ad-Hoc|Any CPU.Build.0 = Debug|Any CPU
		{17AF1E7D-D625-4947-8052-8E7431C2E860}.Ad-Hoc|iPhone.ActiveCfg = Debug|Any CPU
		{17AF1E7D-D625-4947-8052-8E7431C2E860}.Ad-Hoc|iPhone.Build.0 = Debug|Any CPU
		{17AF1E7D-D625-4947-8052-8E7431C2E860}.Ad-Hoc|iPhoneSimulator.ActiveCfg = Debug|Any CPU
		{17AF1E7D-D625-4947-8052-8E7431C2E860}.Ad-Hoc|iPhoneSimulator.Build.0 = Debug|Any CPU
		{17AF1E7D-D625-4947-8052-8E7431C2E860}.AppStore|Any CPU.ActiveCfg = Debug|Any CPU
		{17AF1E7D-D625-4947-8052-8E7431C2E860}.AppStore|Any CPU.Build.0 = Debug|Any CPU
		{17AF1E7D-D625-4947-8052-8E7431C2E860}.AppStore|iPhone.ActiveCfg = Debug|Any CPU
		{17AF1E7D-D625-4947-8052-8E7431C2E860}.AppStore|iPhone.Build.0 = Debug|Any CPU
		{17AF1E7D-D625-4947-8052-8E7431C2E860}.AppStore|iPhoneSimulator.ActiveCfg = Debug|Any CPU
		{17AF1E7D-D625-4947-8052-8E7431C2E860}.AppStore|iPhoneSimulator.Build.0 = Debug|Any CPU
		{17AF1E7D-D625-4947-8052-8E7431C2E860}.Debug|Any CPU.ActiveCfg = Debug|Any CPU
		{17AF1E7D-D625-4947-8052-8E7431C2E860}.Debug|Any CPU.Build.0 = Debug|Any CPU
		{17AF1E7D-D625-4947-8052-8E7431C2E860}.Debug|iPhone.ActiveCfg = Debug|Any CPU
		{17AF1E7D-D625-4947-8052-8E7431C2E860}.Debug|iPhone.Build.0 = Debug|Any CPU
		{17AF1E7D-D625-4947-8052-8E7431C2E860}.Debug|iPhoneSimulator.ActiveCfg = Debug|Any CPU
		{17AF1E7D-D625-4947-8052-8E7431C2E860}.Debug|iPhoneSimulator.Build.0 = Debug|Any CPU
		{17AF1E7D-D625-4947-8052-8E7431C2E860}.Release|Any CPU.ActiveCfg = Release|Any CPU
		{17AF1E7D-D625-4947-8052-8E7431C2E860}.Release|Any CPU.Build.0 = Release|Any CPU
		{17AF1E7D-D625-4947-8052-8E7431C2E860}.Release|iPhone.ActiveCfg = Release|Any CPU
		{17AF1E7D-D625-4947-8052-8E7431C2E860}.Release|iPhone.Build.0 = Release|Any CPU
		{17AF1E7D-D625-4947-8052-8E7431C2E860}.Release|iPhoneSimulator.ActiveCfg = Release|Any CPU
		{17AF1E7D-D625-4947-8052-8E7431C2E860}.Release|iPhoneSimulator.Build.0 = Release|Any CPU
		{C5C9CDE0-EBD7-45F2-9814-7EF7A124D44D}.Ad-Hoc|Any CPU.ActiveCfg = Debug|Any CPU
		{C5C9CDE0-EBD7-45F2-9814-7EF7A124D44D}.Ad-Hoc|Any CPU.Build.0 = Debug|Any CPU
		{C5C9CDE0-EBD7-45F2-9814-7EF7A124D44D}.Ad-Hoc|iPhone.ActiveCfg = Debug|Any CPU
		{C5C9CDE0-EBD7-45F2-9814-7EF7A124D44D}.Ad-Hoc|iPhone.Build.0 = Debug|Any CPU
		{C5C9CDE0-EBD7-45F2-9814-7EF7A124D44D}.Ad-Hoc|iPhoneSimulator.ActiveCfg = Debug|Any CPU
		{C5C9CDE0-EBD7-45F2-9814-7EF7A124D44D}.Ad-Hoc|iPhoneSimulator.Build.0 = Debug|Any CPU
		{C5C9CDE0-EBD7-45F2-9814-7EF7A124D44D}.AppStore|Any CPU.ActiveCfg = Debug|Any CPU
		{C5C9CDE0-EBD7-45F2-9814-7EF7A124D44D}.AppStore|Any CPU.Build.0 = Debug|Any CPU
		{C5C9CDE0-EBD7-45F2-9814-7EF7A124D44D}.AppStore|iPhone.ActiveCfg = Debug|Any CPU
		{C5C9CDE0-EBD7-45F2-9814-7EF7A124D44D}.AppStore|iPhone.Build.0 = Debug|Any CPU
		{C5C9CDE0-EBD7-45F2-9814-7EF7A124D44D}.AppStore|iPhoneSimulator.ActiveCfg = Debug|Any CPU
		{C5C9CDE0-EBD7-45F2-9814-7EF7A124D44D}.AppStore|iPhoneSimulator.Build.0 = Debug|Any CPU
		{C5C9CDE0-EBD7-45F2-9814-7EF7A124D44D}.Debug|Any CPU.ActiveCfg = Debug|Any CPU
		{C5C9CDE0-EBD7-45F2-9814-7EF7A124D44D}.Debug|Any CPU.Build.0 = Debug|Any CPU
		{C5C9CDE0-EBD7-45F2-9814-7EF7A124D44D}.Debug|iPhone.ActiveCfg = Debug|Any CPU
		{C5C9CDE0-EBD7-45F2-9814-7EF7A124D44D}.Debug|iPhone.Build.0 = Debug|Any CPU
		{C5C9CDE0-EBD7-45F2-9814-7EF7A124D44D}.Debug|iPhoneSimulator.ActiveCfg = Debug|Any CPU
		{C5C9CDE0-EBD7-45F2-9814-7EF7A124D44D}.Debug|iPhoneSimulator.Build.0 = Debug|Any CPU
		{C5C9CDE0-EBD7-45F2-9814-7EF7A124D44D}.Release|Any CPU.ActiveCfg = Release|Any CPU
		{C5C9CDE0-EBD7-45F2-9814-7EF7A124D44D}.Release|Any CPU.Build.0 = Release|Any CPU
		{C5C9CDE0-EBD7-45F2-9814-7EF7A124D44D}.Release|iPhone.ActiveCfg = Release|Any CPU
		{C5C9CDE0-EBD7-45F2-9814-7EF7A124D44D}.Release|iPhone.Build.0 = Release|Any CPU
		{C5C9CDE0-EBD7-45F2-9814-7EF7A124D44D}.Release|iPhoneSimulator.ActiveCfg = Release|Any CPU
		{C5C9CDE0-EBD7-45F2-9814-7EF7A124D44D}.Release|iPhoneSimulator.Build.0 = Release|Any CPU
		{B4C4882C-E715-4077-A85E-BD360B417C4F}.Ad-Hoc|Any CPU.ActiveCfg = Debug|Any CPU
		{B4C4882C-E715-4077-A85E-BD360B417C4F}.Ad-Hoc|Any CPU.Build.0 = Debug|Any CPU
		{B4C4882C-E715-4077-A85E-BD360B417C4F}.Ad-Hoc|iPhone.ActiveCfg = Debug|Any CPU
		{B4C4882C-E715-4077-A85E-BD360B417C4F}.Ad-Hoc|iPhone.Build.0 = Debug|Any CPU
		{B4C4882C-E715-4077-A85E-BD360B417C4F}.Ad-Hoc|iPhoneSimulator.ActiveCfg = Debug|Any CPU
		{B4C4882C-E715-4077-A85E-BD360B417C4F}.Ad-Hoc|iPhoneSimulator.Build.0 = Debug|Any CPU
		{B4C4882C-E715-4077-A85E-BD360B417C4F}.AppStore|Any CPU.ActiveCfg = Debug|Any CPU
		{B4C4882C-E715-4077-A85E-BD360B417C4F}.AppStore|Any CPU.Build.0 = Debug|Any CPU
		{B4C4882C-E715-4077-A85E-BD360B417C4F}.AppStore|iPhone.ActiveCfg = Debug|Any CPU
		{B4C4882C-E715-4077-A85E-BD360B417C4F}.AppStore|iPhone.Build.0 = Debug|Any CPU
		{B4C4882C-E715-4077-A85E-BD360B417C4F}.AppStore|iPhoneSimulator.ActiveCfg = Debug|Any CPU
		{B4C4882C-E715-4077-A85E-BD360B417C4F}.AppStore|iPhoneSimulator.Build.0 = Debug|Any CPU
		{B4C4882C-E715-4077-A85E-BD360B417C4F}.Debug|Any CPU.ActiveCfg = Debug|Any CPU
		{B4C4882C-E715-4077-A85E-BD360B417C4F}.Debug|Any CPU.Build.0 = Debug|Any CPU
		{B4C4882C-E715-4077-A85E-BD360B417C4F}.Debug|iPhone.ActiveCfg = Debug|Any CPU
		{B4C4882C-E715-4077-A85E-BD360B417C4F}.Debug|iPhone.Build.0 = Debug|Any CPU
		{B4C4882C-E715-4077-A85E-BD360B417C4F}.Debug|iPhoneSimulator.ActiveCfg = Debug|Any CPU
		{B4C4882C-E715-4077-A85E-BD360B417C4F}.Debug|iPhoneSimulator.Build.0 = Debug|Any CPU
		{B4C4882C-E715-4077-A85E-BD360B417C4F}.Release|Any CPU.ActiveCfg = Release|Any CPU
		{B4C4882C-E715-4077-A85E-BD360B417C4F}.Release|Any CPU.Build.0 = Release|Any CPU
		{B4C4882C-E715-4077-A85E-BD360B417C4F}.Release|iPhone.ActiveCfg = Release|Any CPU
		{B4C4882C-E715-4077-A85E-BD360B417C4F}.Release|iPhone.Build.0 = Release|Any CPU
		{B4C4882C-E715-4077-A85E-BD360B417C4F}.Release|iPhoneSimulator.ActiveCfg = Release|Any CPU
		{B4C4882C-E715-4077-A85E-BD360B417C4F}.Release|iPhoneSimulator.Build.0 = Release|Any CPU
		{A996C772-DA04-42AE-9C66-1FA301CE5E6B}.Ad-Hoc|Any CPU.ActiveCfg = Debug|Any CPU
		{A996C772-DA04-42AE-9C66-1FA301CE5E6B}.Ad-Hoc|Any CPU.Build.0 = Debug|Any CPU
		{A996C772-DA04-42AE-9C66-1FA301CE5E6B}.Ad-Hoc|iPhone.ActiveCfg = Debug|Any CPU
		{A996C772-DA04-42AE-9C66-1FA301CE5E6B}.Ad-Hoc|iPhone.Build.0 = Debug|Any CPU
		{A996C772-DA04-42AE-9C66-1FA301CE5E6B}.Ad-Hoc|iPhoneSimulator.ActiveCfg = Debug|Any CPU
		{A996C772-DA04-42AE-9C66-1FA301CE5E6B}.Ad-Hoc|iPhoneSimulator.Build.0 = Debug|Any CPU
		{A996C772-DA04-42AE-9C66-1FA301CE5E6B}.AppStore|Any CPU.ActiveCfg = Debug|Any CPU
		{A996C772-DA04-42AE-9C66-1FA301CE5E6B}.AppStore|Any CPU.Build.0 = Debug|Any CPU
		{A996C772-DA04-42AE-9C66-1FA301CE5E6B}.AppStore|iPhone.ActiveCfg = Debug|Any CPU
		{A996C772-DA04-42AE-9C66-1FA301CE5E6B}.AppStore|iPhone.Build.0 = Debug|Any CPU
		{A996C772-DA04-42AE-9C66-1FA301CE5E6B}.AppStore|iPhoneSimulator.ActiveCfg = Debug|Any CPU
		{A996C772-DA04-42AE-9C66-1FA301CE5E6B}.AppStore|iPhoneSimulator.Build.0 = Debug|Any CPU
		{A996C772-DA04-42AE-9C66-1FA301CE5E6B}.Debug|Any CPU.ActiveCfg = Debug|Any CPU
		{A996C772-DA04-42AE-9C66-1FA301CE5E6B}.Debug|Any CPU.Build.0 = Debug|Any CPU
		{A996C772-DA04-42AE-9C66-1FA301CE5E6B}.Debug|iPhone.ActiveCfg = Debug|Any CPU
		{A996C772-DA04-42AE-9C66-1FA301CE5E6B}.Debug|iPhone.Build.0 = Debug|Any CPU
		{A996C772-DA04-42AE-9C66-1FA301CE5E6B}.Debug|iPhoneSimulator.ActiveCfg = Debug|Any CPU
		{A996C772-DA04-42AE-9C66-1FA301CE5E6B}.Debug|iPhoneSimulator.Build.0 = Debug|Any CPU
		{A996C772-DA04-42AE-9C66-1FA301CE5E6B}.Release|Any CPU.ActiveCfg = Release|Any CPU
		{A996C772-DA04-42AE-9C66-1FA301CE5E6B}.Release|Any CPU.Build.0 = Release|Any CPU
		{A996C772-DA04-42AE-9C66-1FA301CE5E6B}.Release|iPhone.ActiveCfg = Release|Any CPU
		{A996C772-DA04-42AE-9C66-1FA301CE5E6B}.Release|iPhone.Build.0 = Release|Any CPU
		{A996C772-DA04-42AE-9C66-1FA301CE5E6B}.Release|iPhoneSimulator.ActiveCfg = Release|Any CPU
		{A996C772-DA04-42AE-9C66-1FA301CE5E6B}.Release|iPhoneSimulator.Build.0 = Release|Any CPU
		{7FFE6C11-AB1C-42C6-B89F-81EF8AA7C24C}.Ad-Hoc|Any CPU.ActiveCfg = Debug|Any CPU
		{7FFE6C11-AB1C-42C6-B89F-81EF8AA7C24C}.Ad-Hoc|Any CPU.Build.0 = Debug|Any CPU
		{7FFE6C11-AB1C-42C6-B89F-81EF8AA7C24C}.Ad-Hoc|iPhone.ActiveCfg = Debug|Any CPU
		{7FFE6C11-AB1C-42C6-B89F-81EF8AA7C24C}.Ad-Hoc|iPhone.Build.0 = Debug|Any CPU
		{7FFE6C11-AB1C-42C6-B89F-81EF8AA7C24C}.Ad-Hoc|iPhoneSimulator.ActiveCfg = Debug|Any CPU
		{7FFE6C11-AB1C-42C6-B89F-81EF8AA7C24C}.Ad-Hoc|iPhoneSimulator.Build.0 = Debug|Any CPU
		{7FFE6C11-AB1C-42C6-B89F-81EF8AA7C24C}.AppStore|Any CPU.ActiveCfg = Debug|Any CPU
		{7FFE6C11-AB1C-42C6-B89F-81EF8AA7C24C}.AppStore|Any CPU.Build.0 = Debug|Any CPU
		{7FFE6C11-AB1C-42C6-B89F-81EF8AA7C24C}.AppStore|iPhone.ActiveCfg = Debug|Any CPU
		{7FFE6C11-AB1C-42C6-B89F-81EF8AA7C24C}.AppStore|iPhone.Build.0 = Debug|Any CPU
		{7FFE6C11-AB1C-42C6-B89F-81EF8AA7C24C}.AppStore|iPhoneSimulator.ActiveCfg = Debug|Any CPU
		{7FFE6C11-AB1C-42C6-B89F-81EF8AA7C24C}.AppStore|iPhoneSimulator.Build.0 = Debug|Any CPU
		{7FFE6C11-AB1C-42C6-B89F-81EF8AA7C24C}.Debug|Any CPU.ActiveCfg = Debug|Any CPU
		{7FFE6C11-AB1C-42C6-B89F-81EF8AA7C24C}.Debug|Any CPU.Build.0 = Debug|Any CPU
		{7FFE6C11-AB1C-42C6-B89F-81EF8AA7C24C}.Debug|iPhone.ActiveCfg = Debug|Any CPU
		{7FFE6C11-AB1C-42C6-B89F-81EF8AA7C24C}.Debug|iPhone.Build.0 = Debug|Any CPU
		{7FFE6C11-AB1C-42C6-B89F-81EF8AA7C24C}.Debug|iPhoneSimulator.ActiveCfg = Debug|Any CPU
		{7FFE6C11-AB1C-42C6-B89F-81EF8AA7C24C}.Debug|iPhoneSimulator.Build.0 = Debug|Any CPU
		{7FFE6C11-AB1C-42C6-B89F-81EF8AA7C24C}.Release|Any CPU.ActiveCfg = Release|Any CPU
		{7FFE6C11-AB1C-42C6-B89F-81EF8AA7C24C}.Release|Any CPU.Build.0 = Release|Any CPU
		{7FFE6C11-AB1C-42C6-B89F-81EF8AA7C24C}.Release|iPhone.ActiveCfg = Release|Any CPU
		{7FFE6C11-AB1C-42C6-B89F-81EF8AA7C24C}.Release|iPhone.Build.0 = Release|Any CPU
		{7FFE6C11-AB1C-42C6-B89F-81EF8AA7C24C}.Release|iPhoneSimulator.ActiveCfg = Release|Any CPU
		{7FFE6C11-AB1C-42C6-B89F-81EF8AA7C24C}.Release|iPhoneSimulator.Build.0 = Release|Any CPU
	EndGlobalSection
	GlobalSection(SolutionProperties) = preSolution
		HideSolutionNode = FALSE
	EndGlobalSection
	GlobalSection(ExtensibilityGlobals) = postSolution
		SolutionGuid = {A0AB4B9C-B4D3-4CCA-B842-9FC0C966A01F}
	EndGlobalSection
EndGlobal
